{
  "name": "a3",
  "version": "1.0.0",
  "lockfileVersion": 3,
  "requires": true,
  "packages": {
    "": {
      "name": "a3",
      "version": "1.0.0",
      "license": "ISC",
      "dependencies": {
        "matrix-multiplication": "^0.5.2",
        "not-defined": "^2.1.4",
        "static-props": "^1.1.2"
      },
      "devDependencies": {}
    },
    "node_modules/matrix-multiplication": {
      "version": "0.5.2",
      "resolved": "https://registry.npmjs.org/matrix-multiplication/-/matrix-multiplication-0.5.2.tgz",
      "integrity": "sha512-rr3Adfxn9cktAn8zYAkYiDbFZFkFflwjm9oSm5drBIQJPjFoqUlT9nq7aMwXpr+Nr4uurQKgxy+9pfk5X2YmYA==",
      "dependencies": {
        "not-defined": "^2.0.1",
        "static-props": "^1.1.1"
      }
    },
    "node_modules/not-defined": {
      "version": "2.1.4",
      "resolved": "https://registry.npmjs.org/not-defined/-/not-defined-2.1.4.tgz",
      "integrity": "sha512-KmZ4O3MohdMtgoqsU7x7PrEAPph+45/pBcZUMkEsy3IViwVIh6tjUe8ennVbgaFyGTmiml13V+gOgwcfA1A3qg=="
    },
    "node_modules/static-props": {
      "version": "1.1.2",
      "resolved": "https://registry.npmjs.org/static-props/-/static-props-1.1.2.tgz",
      "integrity": "sha512-uHhAsY2eP0WWz42n/5sZDnoO511JgXJsTaycb4ISeYeIH+tjAvAVZ+praZQ3NNVNMUUwc8VXpWWY28Xh8I6XZg=="
    }
  }
}
